
Microsoft Visual Studio Solution File, Format Version 12.00
# Visual Studio 15
VisualStudioVersion = 15.0.27428.2015
MinimumVisualStudioVersion = 10.0.40219.1
Project("{FAE04EC0-301F-11D3-BF4B-00C04F79EFBC}") = "BottomNavBarXf.Android", "BottomNavBarXf\BottomNavBarXf.Android\BottomNavBarXf.Android.csproj", "{6B1D1B93-C17F-4DA5-9B7C-065DCAB4BDA0}"
EndProject
Project("{FAE04EC0-301F-11D3-BF4B-00C04F79EFBC}") = "BottomNavBarXf.iOS", "BottomNavBarXf\BottomNavBarXf.iOS\BottomNavBarXf.iOS.csproj", "{298128A0-9257-4190-9762-4360918C2237}"
EndProject
Project("{FAE04EC0-301F-11D3-BF4B-00C04F79EFBC}") = "BottomNavBarXf.UWP", "BottomNavBarXf\BottomNavBarXf.UWP\BottomNavBarXf.UWP.csproj", "{FF080E20-0B13-4FAC-8670-DEE9113A5965}"
EndProject
Project("{FAE04EC0-301F-11D3-BF4B-00C04F79EFBC}") = "BottomNavBarXf", "BottomNavBarXf\BottomNavBarXf\BottomNavBarXf.csproj", "{3C235A8A-1D5A-414E-8318-C924CE95F430}"
EndProject
Global
	GlobalSection(SolutionConfigurationPlatforms) = preSolution
		Ad-Hoc|Any CPU = Ad-Hoc|Any CPU
		Ad-Hoc|ARM = Ad-Hoc|ARM
		Ad-Hoc|iPhone = Ad-Hoc|iPhone
		Ad-Hoc|iPhoneSimulator = Ad-Hoc|iPhoneSimulator
		Ad-Hoc|x64 = Ad-Hoc|x64
		Ad-Hoc|x86 = Ad-Hoc|x86
		AppStore|Any CPU = AppStore|Any CPU
		AppStore|ARM = AppStore|ARM
		AppStore|iPhone = AppStore|iPhone
		AppStore|iPhoneSimulator = AppStore|iPhoneSimulator
		AppStore|x64 = AppStore|x64
		AppStore|x86 = AppStore|x86
		Debug|Any CPU = Debug|Any CPU
		Debug|ARM = Debug|ARM
		Debug|iPhone = Debug|iPhone
		Debug|iPhoneSimulator = Debug|iPhoneSimulator
		Debug|x64 = Debug|x64
		Debug|x86 = Debug|x86
		Release|Any CPU = Release|Any CPU
		Release|ARM = Release|ARM
		Release|iPhone = Release|iPhone
		Release|iPhoneSimulator = Release|iPhoneSimulator
		Release|x64 = Release|x64
		Release|x86 = Release|x86
	EndGlobalSection
	GlobalSection(ProjectConfigurationPlatforms) = postSolution
		{6B1D1B93-C17F-4DA5-9B7C-065DCAB4BDA0}.Ad-Hoc|Any CPU.ActiveCfg = Release|Any CPU
		{6B1D1B93-C17F-4DA5-9B7C-065DCAB4BDA0}.Ad-Hoc|Any CPU.Build.0 = Release|Any CPU
		{6B1D1B93-C17F-4DA5-9B7C-065DCAB4BDA0}.Ad-Hoc|Any CPU.Deploy.0 = Release|Any CPU
		{6B1D1B93-C17F-4DA5-9B7C-065DCAB4BDA0}.Ad-Hoc|ARM.ActiveCfg = Release|Any CPU
		{6B1D1B93-C17F-4DA5-9B7C-065DCAB4BDA0}.Ad-Hoc|ARM.Build.0 = Release|Any CPU
		{6B1D1B93-C17F-4DA5-9B7C-065DCAB4BDA0}.Ad-Hoc|ARM.Deploy.0 = Release|Any CPU
		{6B1D1B93-C17F-4DA5-9B7C-065DCAB4BDA0}.Ad-Hoc|iPhone.ActiveCfg = Release|Any CPU
		{6B1D1B93-C17F-4DA5-9B7C-065DCAB4BDA0}.Ad-Hoc|iPhone.Build.0 = Release|Any CPU
		{6B1D1B93-C17F-4DA5-9B7C-065DCAB4BDA0}.Ad-Hoc|iPhone.Deploy.0 = Release|Any CPU
		{6B1D1B93-C17F-4DA5-9B7C-065DCAB4BDA0}.Ad-Hoc|iPhoneSimulator.ActiveCfg = Release|Any CPU
		{6B1D1B93-C17F-4DA5-9B7C-065DCAB4BDA0}.Ad-Hoc|iPhoneSimulator.Build.0 = Release|Any CPU
		{6B1D1B93-C17F-4DA5-9B7C-065DCAB4BDA0}.Ad-Hoc|iPhoneSimulator.Deploy.0 = Release|Any CPU
		{6B1D1B93-C17F-4DA5-9B7C-065DCAB4BDA0}.Ad-Hoc|x64.ActiveCfg = Release|Any CPU
		{6B1D1B93-C17F-4DA5-9B7C-065DCAB4BDA0}.Ad-Hoc|x64.Build.0 = Release|Any CPU
		{6B1D1B93-C17F-4DA5-9B7C-065DCAB4BDA0}.Ad-Hoc|x64.Deploy.0 = Release|Any CPU
		{6B1D1B93-C17F-4DA5-9B7C-065DCAB4BDA0}.Ad-Hoc|x86.ActiveCfg = Release|Any CPU
		{6B1D1B93-C17F-4DA5-9B7C-065DCAB4BDA0}.Ad-Hoc|x86.Build.0 = Release|Any CPU
		{6B1D1B93-C17F-4DA5-9B7C-065DCAB4BDA0}.Ad-Hoc|x86.Deploy.0 = Release|Any CPU
		{6B1D1B93-C17F-4DA5-9B7C-065DCAB4BDA0}.AppStore|Any CPU.ActiveCfg = Release|Any CPU
		{6B1D1B93-C17F-4DA5-9B7C-065DCAB4BDA0}.AppStore|Any CPU.Build.0 = Release|Any CPU
		{6B1D1B93-C17F-4DA5-9B7C-065DCAB4BDA0}.AppStore|Any CPU.Deploy.0 = Release|Any CPU
		{6B1D1B93-C17F-4DA5-9B7C-065DCAB4BDA0}.AppStore|ARM.ActiveCfg = Release|Any CPU
		{6B1D1B93-C17F-4DA5-9B7C-065DCAB4BDA0}.AppStore|ARM.Build.0 = Release|Any CPU
		{6B1D1B93-C17F-4DA5-9B7C-065DCAB4BDA0}.AppStore|ARM.Deploy.0 = Release|Any CPU
		{6B1D1B93-C17F-4DA5-9B7C-065DCAB4BDA0}.AppStore|iPhone.ActiveCfg = Release|Any CPU
		{6B1D1B93-C17F-4DA5-9B7C-065DCAB4BDA0}.AppStore|iPhone.Build.0 = Release|Any CPU
		{6B1D1B93-C17F-4DA5-9B7C-065DCAB4BDA0}.AppStore|iPhone.Deploy.0 = Release|Any CPU
		{6B1D1B93-C17F-4DA5-9B7C-065DCAB4BDA0}.AppStore|iPhoneSimulator.ActiveCfg = Release|Any CPU
		{6B1D1B93-C17F-4DA5-9B7C-065DCAB4BDA0}.AppStore|iPhoneSimulator.Build.0 = Release|Any CPU
		{6B1D1B93-C17F-4DA5-9B7C-065DCAB4BDA0}.AppStore|iPhoneSimulator.Deploy.0 = Release|Any CPU
		{6B1D1B93-C17F-4DA5-9B7C-065DCAB4BDA0}.AppStore|x64.ActiveCfg = Release|Any CPU
		{6B1D1B93-C17F-4DA5-9B7C-065DCAB4BDA0}.AppStore|x64.Build.0 = Release|Any CPU
		{6B1D1B93-C17F-4DA5-9B7C-065DCAB4BDA0}.AppStore|x64.Deploy.0 = Release|Any CPU
		{6B1D1B93-C17F-4DA5-9B7C-065DCAB4BDA0}.AppStore|x86.ActiveCfg = Release|Any CPU
		{6B1D1B93-C17F-4DA5-9B7C-065DCAB4BDA0}.AppStore|x86.Build.0 = Release|Any CPU
		{6B1D1B93-C17F-4DA5-9B7C-065DCAB4BDA0}.AppStore|x86.Deploy.0 = Release|Any CPU
		{6B1D1B93-C17F-4DA5-9B7C-065DCAB4BDA0}.Debug|Any CPU.ActiveCfg = Debug|Any CPU
		{6B1D1B93-C17F-4DA5-9B7C-065DCAB4BDA0}.Debug|Any CPU.Build.0 = Debug|Any CPU
		{6B1D1B93-C17F-4DA5-9B7C-065DCAB4BDA0}.Debug|Any CPU.Deploy.0 = Debug|Any CPU
		{6B1D1B93-C17F-4DA5-9B7C-065DCAB4BDA0}.Debug|ARM.ActiveCfg = Debug|Any CPU
		{6B1D1B93-C17F-4DA5-9B7C-065DCAB4BDA0}.Debug|ARM.Build.0 = Debug|Any CPU
		{6B1D1B93-C17F-4DA5-9B7C-065DCAB4BDA0}.Debug|ARM.Deploy.0 = Debug|Any CPU
		{6B1D1B93-C17F-4DA5-9B7C-065DCAB4BDA0}.Debug|iPhone.ActiveCfg = Debug|Any CPU
		{6B1D1B93-C17F-4DA5-9B7C-065DCAB4BDA0}.Debug|iPhone.Build.0 = Debug|Any CPU
		{6B1D1B93-C17F-4DA5-9B7C-065DCAB4BDA0}.Debug|iPhone.Deploy.0 = Debug|Any CPU
		{6B1D1B93-C17F-4DA5-9B7C-065DCAB4BDA0}.Debug|iPhoneSimulator.ActiveCfg = Debug|Any CPU
		{6B1D1B93-C17F-4DA5-9B7C-065DCAB4BDA0}.Debug|iPhoneSimulator.Build.0 = Debug|Any CPU
		{6B1D1B93-C17F-4DA5-9B7C-065DCAB4BDA0}.Debug|iPhoneSimulator.Deploy.0 = Debug|Any CPU
		{6B1D1B93-C17F-4DA5-9B7C-065DCAB4BDA0}.Debug|x64.ActiveCfg = Debug|Any CPU
		{6B1D1B93-C17F-4DA5-9B7C-065DCAB4BDA0}.Debug|x64.Build.0 = Debug|Any CPU
		{6B1D1B93-C17F-4DA5-9B7C-065DCAB4BDA0}.Debug|x64.Deploy.0 = Debug|Any CPU
		{6B1D1B93-C17F-4DA5-9B7C-065DCAB4BDA0}.Debug|x86.ActiveCfg = Debug|Any CPU
		{6B1D1B93-C17F-4DA5-9B7C-065DCAB4BDA0}.Debug|x86.Build.0 = Debug|Any CPU
		{6B1D1B93-C17F-4DA5-9B7C-065DCAB4BDA0}.Debug|x86.Deploy.0 = Debug|Any CPU
		{6B1D1B93-C17F-4DA5-9B7C-065DCAB4BDA0}.Release|Any CPU.ActiveCfg = Release|Any CPU
		{6B1D1B93-C17F-4DA5-9B7C-065DCAB4BDA0}.Release|Any CPU.Build.0 = Release|Any CPU
		{6B1D1B93-C17F-4DA5-9B7C-065DCAB4BDA0}.Release|Any CPU.Deploy.0 = Release|Any CPU
		{6B1D1B93-C17F-4DA5-9B7C-065DCAB4BDA0}.Release|ARM.ActiveCfg = Release|Any CPU
		{6B1D1B93-C17F-4DA5-9B7C-065DCAB4BDA0}.Release|ARM.Build.0 = Release|Any CPU
		{6B1D1B93-C17F-4DA5-9B7C-065DCAB4BDA0}.Release|ARM.Deploy.0 = Release|Any CPU
		{6B1D1B93-C17F-4DA5-9B7C-065DCAB4BDA0}.Release|iPhone.ActiveCfg = Release|Any CPU
		{6B1D1B93-C17F-4DA5-9B7C-065DCAB4BDA0}.Release|iPhone.Build.0 = Release|Any CPU
		{6B1D1B93-C17F-4DA5-9B7C-065DCAB4BDA0}.Release|iPhone.Deploy.0 = Release|Any CPU
		{6B1D1B93-C17F-4DA5-9B7C-065DCAB4BDA0}.Release|iPhoneSimulator.ActiveCfg = Release|Any CPU
		{6B1D1B93-C17F-4DA5-9B7C-065DCAB4BDA0}.Release|iPhoneSimulator.Build.0 = Release|Any CPU
		{6B1D1B93-C17F-4DA5-9B7C-065DCAB4BDA0}.Release|iPhoneSimulator.Deploy.0 = Release|Any CPU
		{6B1D1B93-C17F-4DA5-9B7C-065DCAB4BDA0}.Release|x64.ActiveCfg = Release|Any CPU
		{6B1D1B93-C17F-4DA5-9B7C-065DCAB4BDA0}.Release|x64.Build.0 = Release|Any CPU
		{6B1D1B93-C17F-4DA5-9B7C-065DCAB4BDA0}.Release|x64.Deploy.0 = Release|Any CPU
		{6B1D1B93-C17F-4DA5-9B7C-065DCAB4BDA0}.Release|x86.ActiveCfg = Release|Any CPU
		{6B1D1B93-C17F-4DA5-9B7C-065DCAB4BDA0}.Release|x86.Build.0 = Release|Any CPU
		{6B1D1B93-C17F-4DA5-9B7C-065DCAB4BDA0}.Release|x86.Deploy.0 = Release|Any CPU
		{298128A0-9257-4190-9762-4360918C2237}.Ad-Hoc|Any CPU.ActiveCfg = Ad-Hoc|iPhone
		{298128A0-9257-4190-9762-4360918C2237}.Ad-Hoc|ARM.ActiveCfg = Ad-Hoc|iPhone
		{298128A0-9257-4190-9762-4360918C2237}.Ad-Hoc|iPhone.ActiveCfg = Ad-Hoc|iPhone
		{298128A0-9257-4190-9762-4360918C2237}.Ad-Hoc|iPhone.Build.0 = Ad-Hoc|iPhone
		{298128A0-9257-4190-9762-4360918C2237}.Ad-Hoc|iPhoneSimulator.ActiveCfg = Ad-Hoc|iPhoneSimulator
		{298128A0-9257-4190-9762-4360918C2237}.Ad-Hoc|iPhoneSimulator.Build.0 = Ad-Hoc|iPhoneSimulator
		{298128A0-9257-4190-9762-4360918C2237}.Ad-Hoc|x64.ActiveCfg = Ad-Hoc|iPhone
		{298128A0-9257-4190-9762-4360918C2237}.Ad-Hoc|x86.ActiveCfg = Ad-Hoc|iPhone
		{298128A0-9257-4190-9762-4360918C2237}.AppStore|Any CPU.ActiveCfg = AppStore|iPhone
		{298128A0-9257-4190-9762-4360918C2237}.AppStore|ARM.ActiveCfg = AppStore|iPhone
		{298128A0-9257-4190-9762-4360918C2237}.AppStore|iPhone.ActiveCfg = AppStore|iPhone
		{298128A0-9257-4190-9762-4360918C2237}.AppStore|iPhone.Build.0 = AppStore|iPhone
		{298128A0-9257-4190-9762-4360918C2237}.AppStore|iPhoneSimulator.ActiveCfg = AppStore|iPhoneSimulator
		{298128A0-9257-4190-9762-4360918C2237}.AppStore|iPhoneSimulator.Build.0 = AppStore|iPhoneSimulator
		{298128A0-9257-4190-9762-4360918C2237}.AppStore|x64.ActiveCfg = AppStore|iPhone
		{298128A0-9257-4190-9762-4360918C2237}.AppStore|x86.ActiveCfg = AppStore|iPhone
		{298128A0-9257-4190-9762-4360918C2237}.Debug|Any CPU.ActiveCfg = Debug|iPhone
		{298128A0-9257-4190-9762-4360918C2237}.Debug|ARM.ActiveCfg = Debug|iPhone
		{298128A0-9257-4190-9762-4360918C2237}.Debug|iPhone.ActiveCfg = Debug|iPhone
		{298128A0-9257-4190-9762-4360918C2237}.Debug|iPhone.Build.0 = Debug|iPhone
		{298128A0-9257-4190-9762-4360918C2237}.Debug|iPhoneSimulator.ActiveCfg = Debug|iPhoneSimulator
		{298128A0-9257-4190-9762-4360918C2237}.Debug|iPhoneSimulator.Build.0 = Debug|iPhoneSimulator
		{298128A0-9257-4190-9762-4360918C2237}.Debug|x64.ActiveCfg = Debug|iPhone
		{298128A0-9257-4190-9762-4360918C2237}.Debug|x86.ActiveCfg = Debug|iPhone
		{298128A0-9257-4190-9762-4360918C2237}.Release|Any CPU.ActiveCfg = Release|iPhone
		{298128A0-9257-4190-9762-4360918C2237}.Release|ARM.ActiveCfg = Release|iPhone
		{298128A0-9257-4190-9762-4360918C2237}.Release|iPhone.ActiveCfg = Release|iPhone
		{298128A0-9257-4190-9762-4360918C2237}.Release|iPhone.Build.0 = Release|iPhone
		{298128A0-9257-4190-9762-4360918C2237}.Release|iPhoneSimulator.ActiveCfg = Release|iPhoneSimulator
		{298128A0-9257-4190-9762-4360918C2237}.Release|iPhoneSimulator.Build.0 = Release|iPhoneSimulator
		{298128A0-9257-4190-9762-4360918C2237}.Release|x64.ActiveCfg = Release|iPhone
		{298128A0-9257-4190-9762-4360918C2237}.Release|x86.ActiveCfg = Release|iPhone
		{FF080E20-0B13-4FAC-8670-DEE9113A5965}.Ad-Hoc|Any CPU.ActiveCfg = Release|x86
		{FF080E20-0B13-4FAC-8670-DEE9113A5965}.Ad-Hoc|Any CPU.Build.0 = Release|x86
		{FF080E20-0B13-4FAC-8670-DEE9113A5965}.Ad-Hoc|Any CPU.Deploy.0 = Release|x86
		{FF080E20-0B13-4FAC-8670-DEE9113A5965}.Ad-Hoc|ARM.ActiveCfg = Release|ARM
		{FF080E20-0B13-4FAC-8670-DEE9113A5965}.Ad-Hoc|ARM.Build.0 = Release|ARM
		{FF080E20-0B13-4FAC-8670-DEE9113A5965}.Ad-Hoc|ARM.Deploy.0 = Release|ARM
		{FF080E20-0B13-4FAC-8670-DEE9113A5965}.Ad-Hoc|iPhone.ActiveCfg = Release|x86
		{FF080E20-0B13-4FAC-8670-DEE9113A5965}.Ad-Hoc|iPhone.Build.0 = Release|x86
		{FF080E20-0B13-4FAC-8670-DEE9113A5965}.Ad-Hoc|iPhone.Deploy.0 = Release|x86
		{FF080E20-0B13-4FAC-8670-DEE9113A5965}.Ad-Hoc|iPhoneSimulator.ActiveCfg = Release|x86
		{FF080E20-0B13-4FAC-8670-DEE9113A5965}.Ad-Hoc|iPhoneSimulator.Build.0 = Release|x86
		{FF080E20-0B13-4FAC-8670-DEE9113A5965}.Ad-Hoc|iPhoneSimulator.Deploy.0 = Release|x86
		{FF080E20-0B13-4FAC-8670-DEE9113A5965}.Ad-Hoc|x64.ActiveCfg = Release|x64
		{FF080E20-0B13-4FAC-8670-DEE9113A5965}.Ad-Hoc|x64.Build.0 = Release|x64
		{FF080E20-0B13-4FAC-8670-DEE9113A5965}.Ad-Hoc|x64.Deploy.0 = Release|x64
		{FF080E20-0B13-4FAC-8670-DEE9113A5965}.Ad-Hoc|x86.ActiveCfg = Release|x86
		{FF080E20-0B13-4FAC-8670-DEE9113A5965}.Ad-Hoc|x86.Build.0 = Release|x86
		{FF080E20-0B13-4FAC-8670-DEE9113A5965}.Ad-Hoc|x86.Deploy.0 = Release|x86
		{FF080E20-0B13-4FAC-8670-DEE9113A5965}.AppStore|Any CPU.ActiveCfg = Release|x86
		{FF080E20-0B13-4FAC-8670-DEE9113A5965}.AppStore|Any CPU.Build.0 = Release|x86
		{FF080E20-0B13-4FAC-8670-DEE9113A5965}.AppStore|Any CPU.Deploy.0 = Release|x86
		{FF080E20-0B13-4FAC-8670-DEE9113A5965}.AppStore|ARM.ActiveCfg = Release|ARM
		{FF080E20-0B13-4FAC-8670-DEE9113A5965}.AppStore|ARM.Build.0 = Release|ARM
		{FF080E20-0B13-4FAC-8670-DEE9113A5965}.AppStore|ARM.Deploy.0 = Release|ARM
		{FF080E20-0B13-4FAC-8670-DEE9113A5965}.AppStore|iPhone.ActiveCfg = Release|x86
		{FF080E20-0B13-4FAC-8670-DEE9113A5965}.AppStore|iPhone.Build.0 = Release|x86
		{FF080E20-0B13-4FAC-8670-DEE9113A5965}.AppStore|iPhone.Deploy.0 = Release|x86
		{FF080E20-0B13-4FAC-8670-DEE9113A5965}.AppStore|iPhoneSimulator.ActiveCfg = Release|x86
		{FF080E20-0B13-4FAC-8670-DEE9113A5965}.AppStore|iPhoneSimulator.Build.0 = Release|x86
		{FF080E20-0B13-4FAC-8670-DEE9113A5965}.AppStore|iPhoneSimulator.Deploy.0 = Release|x86
		{FF080E20-0B13-4FAC-8670-DEE9113A5965}.AppStore|x64.ActiveCfg = Release|x64
		{FF080E20-0B13-4FAC-8670-DEE9113A5965}.AppStore|x64.Build.0 = Release|x64
		{FF080E20-0B13-4FAC-8670-DEE9113A5965}.AppStore|x64.Deploy.0 = Release|x64
		{FF080E20-0B13-4FAC-8670-DEE9113A5965}.AppStore|x86.ActiveCfg = Release|x86
		{FF080E20-0B13-4FAC-8670-DEE9113A5965}.AppStore|x86.Build.0 = Release|x86
		{FF080E20-0B13-4FAC-8670-DEE9113A5965}.AppStore|x86.Deploy.0 = Release|x86
		{FF080E20-0B13-4FAC-8670-DEE9113A5965}.Debug|Any CPU.ActiveCfg = Debug|x86
		{FF080E20-0B13-4FAC-8670-DEE9113A5965}.Debug|ARM.ActiveCfg = Debug|ARM
		{FF080E20-0B13-4FAC-8670-DEE9113A5965}.Debug|ARM.Build.0 = Debug|ARM
		{FF080E20-0B13-4FAC-8670-DEE9113A5965}.Debug|ARM.Deploy.0 = Debug|ARM
		{FF080E20-0B13-4FAC-8670-DEE9113A5965}.Debug|iPhone.ActiveCfg = Debug|x86
		{FF080E20-0B13-4FAC-8670-DEE9113A5965}.Debug|iPhoneSimulator.ActiveCfg = Debug|x86
		{FF080E20-0B13-4FAC-8670-DEE9113A5965}.Debug|x64.ActiveCfg = Debug|x64
		{FF080E20-0B13-4FAC-8670-DEE9113A5965}.Debug|x64.Build.0 = Debug|x64
		{FF080E20-0B13-4FAC-8670-DEE9113A5965}.Debug|x64.Deploy.0 = Debug|x64
		{FF080E20-0B13-4FAC-8670-DEE9113A5965}.Debug|x86.ActiveCfg = Debug|x86
		{FF080E20-0B13-4FAC-8670-DEE9113A5965}.Debug|x86.Build.0 = Debug|x86
		{FF080E20-0B13-4FAC-8670-DEE9113A5965}.Debug|x86.Deploy.0 = Debug|x86
		{FF080E20-0B13-4FAC-8670-DEE9113A5965}.Release|Any CPU.ActiveCfg = Release|x86
		{FF080E20-0B13-4FAC-8670-DEE9113A5965}.Release|ARM.ActiveCfg = Release|ARM
		{FF080E20-0B13-4FAC-8670-DEE9113A5965}.Release|ARM.Build.0 = Release|ARM
		{FF080E20-0B13-4FAC-8670-DEE9113A5965}.Release|ARM.Deploy.0 = Release|ARM
		{FF080E20-0B13-4FAC-8670-DEE9113A5965}.Release|iPhone.ActiveCfg = Release|x86
		{FF080E20-0B13-4FAC-8670-DEE9113A5965}.Release|iPhoneSimulator.ActiveCfg = Release|x86
		{FF080E20-0B13-4FAC-8670-DEE9113A5965}.Release|x64.ActiveCfg = Release|x64
		{FF080E20-0B13-4FAC-8670-DEE9113A5965}.Release|x64.Build.0 = Release|x64
		{FF080E20-0B13-4FAC-8670-DEE9113A5965}.Release|x64.Deploy.0 = Release|x64
		{FF080E20-0B13-4FAC-8670-DEE9113A5965}.Release|x86.ActiveCfg = Release|x86
		{FF080E20-0B13-4FAC-8670-DEE9113A5965}.Release|x86.Build.0 = Release|x86
		{FF080E20-0B13-4FAC-8670-DEE9113A5965}.Release|x86.Deploy.0 = Release|x86
		{3C235A8A-1D5A-414E-8318-C924CE95F430}.Ad-Hoc|Any CPU.ActiveCfg = Debug|Any CPU
		{3C235A8A-1D5A-414E-8318-C924CE95F430}.Ad-Hoc|Any CPU.Build.0 = Debug|Any CPU
		{3C235A8A-1D5A-414E-8318-C924CE95F430}.Ad-Hoc|ARM.ActiveCfg = Debug|Any CPU
		{3C235A8A-1D5A-414E-8318-C924CE95F430}.Ad-Hoc|ARM.Build.0 = Debug|Any CPU
		{3C235A8A-1D5A-414E-8318-C924CE95F430}.Ad-Hoc|iPhone.ActiveCfg = Debug|Any CPU
		{3C235A8A-1D5A-414E-8318-C924CE95F430}.Ad-Hoc|iPhone.Build.0 = Debug|Any CPU
		{3C235A8A-1D5A-414E-8318-C924CE95F430}.Ad-Hoc|iPhoneSimulator.ActiveCfg = Debug|Any CPU
		{3C235A8A-1D5A-414E-8318-C924CE95F430}.Ad-Hoc|iPhoneSimulator.Build.0 = Debug|Any CPU
		{3C235A8A-1D5A-414E-8318-C924CE95F430}.Ad-Hoc|x64.ActiveCfg = Debug|Any CPU
		{3C235A8A-1D5A-414E-8318-C924CE95F430}.Ad-Hoc|x64.Build.0 = Debug|Any CPU
		{3C235A8A-1D5A-414E-8318-C924CE95F430}.Ad-Hoc|x86.ActiveCfg = Debug|Any CPU
		{3C235A8A-1D5A-414E-8318-C924CE95F430}.Ad-Hoc|x86.Build.0 = Debug|Any CPU
		{3C235A8A-1D5A-414E-8318-C924CE95F430}.AppStore|Any CPU.ActiveCfg = Debug|Any CPU
		{3C235A8A-1D5A-414E-8318-C924CE95F430}.AppStore|Any CPU.Build.0 = Debug|Any CPU
		{3C235A8A-1D5A-414E-8318-C924CE95F430}.AppStore|ARM.ActiveCfg = Debug|Any CPU
		{3C235A8A-1D5A-414E-8318-C924CE95F430}.AppStore|ARM.Build.0 = Debug|Any CPU
		{3C235A8A-1D5A-414E-8318-C924CE95F430}.AppStore|iPhone.ActiveCfg = Debug|Any CPU
		{3C235A8A-1D5A-414E-8318-C924CE95F430}.AppStore|iPhone.Build.0 = Debug|Any CPU
		{3C235A8A-1D5A-414E-8318-C924CE95F430}.AppStore|iPhoneSimulator.ActiveCfg = Debug|Any CPU
		{3C235A8A-1D5A-414E-8318-C924CE95F430}.AppStore|iPhoneSimulator.Build.0 = Debug|Any CPU
		{3C235A8A-1D5A-414E-8318-C924CE95F430}.AppStore|x64.ActiveCfg = Debug|Any CPU
		{3C235A8A-1D5A-414E-8318-C924CE95F430}.AppStore|x64.Build.0 = Debug|Any CPU
		{3C235A8A-1D5A-414E-8318-C924CE95F430}.AppStore|x86.ActiveCfg = Debug|Any CPU
		{3C235A8A-1D5A-414E-8318-C924CE95F430}.AppStore|x86.Build.0 = Debug|Any CPU
		{3C235A8A-1D5A-414E-8318-C924CE95F430}.Debug|Any CPU.ActiveCfg = Debug|Any CPU
		{3C235A8A-1D5A-414E-8318-C924CE95F430}.Debug|Any CPU.Build.0 = Debug|Any CPU
		{3C235A8A-1D5A-414E-8318-C924CE95F430}.Debug|ARM.ActiveCfg = Debug|Any CPU
		{3C235A8A-1D5A-414E-8318-C924CE95F430}.Debug|ARM.Build.0 = Debug|Any CPU
		{3C235A8A-1D5A-414E-8318-C924CE95F430}.Debug|iPhone.ActiveCfg = Debug|Any CPU
		{3C235A8A-1D5A-414E-8318-C924CE95F430}.Debug|iPhone.Build.0 = Debug|Any CPU
		{3C235A8A-1D5A-414E-8318-C924CE95F430}.Debug|iPhoneSimulator.ActiveCfg = Debug|Any CPU
		{3C235A8A-1D5A-414E-8318-C924CE95F430}.Debug|iPhoneSimulator.Build.0 = Debug|Any CPU
		{3C235A8A-1D5A-414E-8318-C924CE95F430}.Debug|x64.ActiveCfg = Debug|Any CPU
		{3C235A8A-1D5A-414E-8318-C924CE95F430}.Debug|x64.Build.0 = Debug|Any CPU
		{3C235A8A-1D5A-414E-8318-C924CE95F430}.Debug|x86.ActiveCfg = Debug|Any CPU
		{3C235A8A-1D5A-414E-8318-C924CE95F430}.Debug|x86.Build.0 = Debug|Any CPU
		{3C235A8A-1D5A-414E-8318-C924CE95F430}.Release|Any CPU.ActiveCfg = Release|Any CPU
		{3C235A8A-1D5A-414E-8318-C924CE95F430}.Release|Any CPU.Build.0 = Release|Any CPU
		{3C235A8A-1D5A-414E-8318-C924CE95F430}.Release|ARM.ActiveCfg = Release|Any CPU
		{3C235A8A-1D5A-414E-8318-C924CE95F430}.Release|ARM.Build.0 = Release|Any CPU
		{3C235A8A-1D5A-414E-8318-C924CE95F430}.Release|iPhone.ActiveCfg = Release|Any CPU
		{3C235A8A-1D5A-414E-8318-C924CE95F430}.Release|iPhone.Build.0 = Release|Any CPU
		{3C235A8A-1D5A-414E-8318-C924CE95F430}.Release|iPhoneSimulator.ActiveCfg = Release|Any CPU
		{3C235A8A-1D5A-414E-8318-C924CE95F430}.Release|iPhoneSimulator.Build.0 = Release|Any CPU
		{3C235A8A-1D5A-414E-8318-C924CE95F430}.Release|x64.ActiveCfg = Release|Any CPU
		{3C235A8A-1D5A-414E-8318-C924CE95F430}.Release|x64.Build.0 = Release|Any CPU
		{3C235A8A-1D5A-414E-8318-C924CE95F430}.Release|x86.ActiveCfg = Release|Any CPU
		{3C235A8A-1D5A-414E-8318-C924CE95F430}.Release|x86.Build.0 = Release|Any CPU
	EndGlobalSection
	GlobalSection(SolutionProperties) = preSolution
		HideSolutionNode = FALSE
	EndGlobalSection
	GlobalSection(ExtensibilityGlobals) = postSolution
		SolutionGuid = {6CCD5448-730B-4034-B18E-2FC0196670AE}
	EndGlobalSection
EndGlobal
